
Microsoft Visual Studio Solution File, Format Version 12.00
Project("{FAE04EC0-301F-11D3-BF4B-00C04F79EFBC}") = "OrderManager", "OrderManager\OrderManager.csproj", "{3EFEE33C-D449-438B-87CA-B6F074FC82AF}"
EndProject
Global
	GlobalSection(SolutionConfigurationPlatforms) = preSolution
		Debug|Any CPU = Debug|Any CPU
		Release|Any CPU = Release|Any CPU
	EndGlobalSection
	GlobalSection(ProjectConfigurationPlatforms) = postSolution
		{3EFEE33C-D449-438B-87CA-B6F074FC82AF}.Debug|Any CPU.ActiveCfg = Debug|Any CPU
		{3EFEE33C-D449-438B-87CA-B6F074FC82AF}.Debug|Any CPU.Build.0 = Debug|Any CPU
		{3EFEE33C-D449-438B-87CA-B6F074FC82AF}.Release|Any CPU.ActiveCfg = Release|Any CPU
		{3EFEE33C-D449-438B-87CA-B6F074FC82AF}.Release|Any CPU.Build.0 = Release|Any CPU
	EndGlobalSection
EndGlobal
